
Microsoft Visual Studio Solution File, Format Version 11.00
# Visual Studio 2010
Project("{FAE04EC0-301F-11D3-BF4B-00C04F79EFBC}") = "Table", "Assembly-CSharp.csproj", "{E43CD281-1589-63D7-C61B-FC1A3607E368}"
EndProject
Project("{FAE04EC0-301F-11D3-BF4B-00C04F79EFBC}") = "Table", "Assembly-CSharp-firstpass.csproj", "{C37D5C72-23F5-42A1-FE4A-8A4A48E13630}"
EndProject
Project("{FAE04EC0-301F-11D3-BF4B-00C04F79EFBC}") = "Table", "Assembly-CSharp-Editor.csproj", "{D787511A-7897-5053-45C6-8FB019D29DBA}"
EndProject
Global
	GlobalSection(SolutionConfigurationPlatforms) = preSolution
		Debug|Any CPU = Debug|Any CPU
		Release|Any CPU = Release|Any CPU
	EndGlobalSection
	GlobalSection(ProjectConfigurationPlatforms) = postSolution
		{E43CD281-1589-63D7-C61B-FC1A3607E368}.Debug|Any CPU.ActiveCfg = Debug|Any CPU
		{E43CD281-1589-63D7-C61B-FC1A3607E368}.Debug|Any CPU.Build.0 = Debug|Any CPU
		{E43CD281-1589-63D7-C61B-FC1A3607E368}.Release|Any CPU.ActiveCfg = Release|Any CPU
		{E43CD281-1589-63D7-C61B-FC1A3607E368}.Release|Any CPU.Build.0 = Release|Any CPU
		{C37D5C72-23F5-42A1-FE4A-8A4A48E13630}.Debug|Any CPU.ActiveCfg = Debug|Any CPU
		{C37D5C72-23F5-42A1-FE4A-8A4A48E13630}.Debug|Any CPU.Build.0 = Debug|Any CPU
		{C37D5C72-23F5-42A1-FE4A-8A4A48E13630}.Release|Any CPU.ActiveCfg = Release|Any CPU
		{C37D5C72-23F5-42A1-FE4A-8A4A48E13630}.Release|Any CPU.Build.0 = Release|Any CPU
		{D787511A-7897-5053-45C6-8FB019D29DBA}.Debug|Any CPU.ActiveCfg = Debug|Any CPU
		{D787511A-7897-5053-45C6-8FB019D29DBA}.Debug|Any CPU.Build.0 = Debug|Any CPU
		{D787511A-7897-5053-45C6-8FB019D29DBA}.Release|Any CPU.ActiveCfg = Release|Any CPU
		{D787511A-7897-5053-45C6-8FB019D29DBA}.Release|Any CPU.Build.0 = Release|Any CPU
	EndGlobalSection
	GlobalSection(SolutionProperties) = preSolution
		HideSolutionNode = FALSE
	EndGlobalSection
	GlobalSection(MonoDevelopProperties) = preSolution
		StartupItem = Assembly-CSharp.csproj
	EndGlobalSection
EndGlobal
